
Microsoft Visual Studio Solution File, Format Version 12.00
# Visual Studio Version 16
VisualStudioVersion = 16.0.29613.14
MinimumVisualStudioVersion = 10.0.40219.1
Project("{FAE04EC0-301F-11D3-BF4B-00C04F79EFBC}") = "ClassLibrary1", "ClassLibrary1\ClassLibrary1.csproj", "{842D6D55-764D-4E8C-8396-B919BEA9C657}"
EndProject
Project("{FAE04EC0-301F-11D3-BF4B-00C04F79EFBC}") = "ConsoleApp1", "ConsoleApp1\ConsoleApp1.csproj", "{625D6278-6ADC-41A5-9B51-8814EAE3B531}"
EndProject
Project("{FAE04EC0-301F-11D3-BF4B-00C04F79EFBC}") = "hw4", "hw4\hw4.csproj", "{798A0FC8-4085-42DC-9347-FD0326B5C596}"
EndProject
Global
	GlobalSection(SolutionConfigurationPlatforms) = preSolution
		Debug|Any CPU = Debug|Any CPU
		Release|Any CPU = Release|Any CPU
	EndGlobalSection
	GlobalSection(ProjectConfigurationPlatforms) = postSolution
		{842D6D55-764D-4E8C-8396-B919BEA9C657}.Debug|Any CPU.ActiveCfg = Debug|Any CPU
		{842D6D55-764D-4E8C-8396-B919BEA9C657}.Debug|Any CPU.Build.0 = Debug|Any CPU
		{842D6D55-764D-4E8C-8396-B919BEA9C657}.Release|Any CPU.ActiveCfg = Release|Any CPU
		{842D6D55-764D-4E8C-8396-B919BEA9C657}.Release|Any CPU.Build.0 = Release|Any CPU
		{625D6278-6ADC-41A5-9B51-8814EAE3B531}.Debug|Any CPU.ActiveCfg = Debug|Any CPU
		{625D6278-6ADC-41A5-9B51-8814EAE3B531}.Debug|Any CPU.Build.0 = Debug|Any CPU
		{625D6278-6ADC-41A5-9B51-8814EAE3B531}.Release|Any CPU.ActiveCfg = Release|Any CPU
		{625D6278-6ADC-41A5-9B51-8814EAE3B531}.Release|Any CPU.Build.0 = Release|Any CPU
		{798A0FC8-4085-42DC-9347-FD0326B5C596}.Debug|Any CPU.ActiveCfg = Debug|Any CPU
		{798A0FC8-4085-42DC-9347-FD0326B5C596}.Debug|Any CPU.Build.0 = Debug|Any CPU
		{798A0FC8-4085-42DC-9347-FD0326B5C596}.Release|Any CPU.ActiveCfg = Release|Any CPU
		{798A0FC8-4085-42DC-9347-FD0326B5C596}.Release|Any CPU.Build.0 = Release|Any CPU
	EndGlobalSection
	GlobalSection(SolutionProperties) = preSolution
		HideSolutionNode = FALSE
	EndGlobalSection
	GlobalSection(ExtensibilityGlobals) = postSolution
		SolutionGuid = {7A1041AD-D23E-464D-B8AF-8B39F2B93184}
	EndGlobalSection
EndGlobal
