
Microsoft Visual Studio Solution File, Format Version 12.00
# Visual Studio Version 16
VisualStudioVersion = 16.0.28729.10
MinimumVisualStudioVersion = 10.0.40219.1
Project("{FAE04EC0-301F-11D3-BF4B-00C04F79EFBC}") = "lesson_05", "lesson_05\lesson_05.csproj", "{2BF109E9-1DC2-43D5-845D-CC00A2A10395}"
EndProject
Global
	GlobalSection(SolutionConfigurationPlatforms) = preSolution
		Debug|Any CPU = Debug|Any CPU
		Release|Any CPU = Release|Any CPU
	EndGlobalSection
	GlobalSection(ProjectConfigurationPlatforms) = postSolution
		{2BF109E9-1DC2-43D5-845D-CC00A2A10395}.Debug|Any CPU.ActiveCfg = Debug|Any CPU
		{2BF109E9-1DC2-43D5-845D-CC00A2A10395}.Debug|Any CPU.Build.0 = Debug|Any CPU
		{2BF109E9-1DC2-43D5-845D-CC00A2A10395}.Release|Any CPU.ActiveCfg = Release|Any CPU
		{2BF109E9-1DC2-43D5-845D-CC00A2A10395}.Release|Any CPU.Build.0 = Release|Any CPU
	EndGlobalSection
	GlobalSection(SolutionProperties) = preSolution
		HideSolutionNode = FALSE
	EndGlobalSection
	GlobalSection(ExtensibilityGlobals) = postSolution
		SolutionGuid = {3E4A4FE9-45CA-4795-837C-EBEE31C95560}
	EndGlobalSection
EndGlobal
