
Microsoft Visual Studio Solution File, Format Version 12.00
# Visual Studio Version 16
VisualStudioVersion = 16.0.28729.10
MinimumVisualStudioVersion = 10.0.40219.1
Project("{FAE04EC0-301F-11D3-BF4B-00C04F79EFBC}") = "lesson16_1", "lesson16_1\lesson16_1.csproj", "{2D408026-816C-4849-9211-D3151913DD08}"
EndProject
Global
	GlobalSection(SolutionConfigurationPlatforms) = preSolution
		Debug|Any CPU = Debug|Any CPU
		Release|Any CPU = Release|Any CPU
	EndGlobalSection
	GlobalSection(ProjectConfigurationPlatforms) = postSolution
		{2D408026-816C-4849-9211-D3151913DD08}.Debug|Any CPU.ActiveCfg = Debug|Any CPU
		{2D408026-816C-4849-9211-D3151913DD08}.Debug|Any CPU.Build.0 = Debug|Any CPU
		{2D408026-816C-4849-9211-D3151913DD08}.Release|Any CPU.ActiveCfg = Release|Any CPU
		{2D408026-816C-4849-9211-D3151913DD08}.Release|Any CPU.Build.0 = Release|Any CPU
	EndGlobalSection
	GlobalSection(SolutionProperties) = preSolution
		HideSolutionNode = FALSE
	EndGlobalSection
	GlobalSection(ExtensibilityGlobals) = postSolution
		SolutionGuid = {0876F0D6-5B68-47DE-A493-4178ED80DD1C}
	EndGlobalSection
EndGlobal
